{
	"name": "freon",
	"version": "2.0.0",
	"lockfileVersion": 1,
	"requires": true,
	"dependencies": {
		"http2": {
			"version": "https://registry.npmjs.org/http2/-/http2-3.3.6.tgz",
			"integrity": "sha1-ffBiJ+ArW1pYQd7qCCObMZjQS+w="
		},
		"mime": {
			"version": "https://registry.npmjs.org/mime/-/mime-1.3.6.tgz",
			"integrity": "sha1-WR2E02U6awtKO5343lqoEI5y5eA="
		},
		"testlite": {
			"version": "https://registry.npmjs.org/testlite/-/testlite-2.0.1.tgz",
			"integrity": "sha1-HLipjIHTPdK7+V53jlnvhHBbMiw=",
			"dev": true
		}
	}
}
