{
	"name": "freon",
	"version": "2.0.8",
	"lockfileVersion": 1,
	"requires": true,
	"dependencies": {
		"mime": {
			"version": "2.3.1",
			"resolved": "https://registry.npmjs.org/mime/-/mime-2.3.1.tgz",
			"integrity": "sha512-OEUllcVoydBHGN1z84yfQDimn58pZNNNXgZlHXSboxMlFvgI6MXSWpWKpFRra7H1HxpVhHTkrghfRW49k6yjeg=="
		},
		"testlite": {
			"version": "2.0.2",
			"resolved": "https://registry.npmjs.org/testlite/-/testlite-2.0.2.tgz",
			"integrity": "sha512-oSgaQr8Z6H4g41z4igu2Ij2jGH+lboqhAB5Hk4jIw15K2y3E1zY4B6uFgLDVyPDU/vDuBIG4y/3mFD7xYAEJkA==",
			"dev": true
		}
	}
}
